// !$*UTF8*$!
{
	archiveVersion = 1;
	classes = {
	};
	objectVersion = 55;
	objects = {

/* Begin PBXBuildFile section */
		D73E88EC2916D8E900F29CE6 /* AuthScreenView.swift in Sources */ = {isa = PBXBuildFile; fileRef = D73E88EB2916D8E900F29CE6 /* AuthScreenView.swift */; };
		D73E88EF2916D9EF00F29CE6 /* View+HalfSheet.swift in Sources */ = {isa = PBXBuildFile; fileRef = D73E88EE2916D9EF00F29CE6 /* View+HalfSheet.swift */; };
		D73E88F12916DAAA00F29CE6 /* SignupView.swift in Sources */ = {isa = PBXBuildFile; fileRef = D73E88F02916DAAA00F29CE6 /* SignupView.swift */; };
		D73E88F32916DB8500F29CE6 /* Int+String.swift in Sources */ = {isa = PBXBuildFile; fileRef = D73E88F22916DB8500F29CE6 /* Int+String.swift */; };
		D73E88F62916DC1C00F29CE6 /* IconTextField.swift in Sources */ = {isa = PBXBuildFile; fileRef = D73E88F52916DC1C00F29CE6 /* IconTextField.swift */; };
		D73E88F82916DC3F00F29CE6 /* IconSecureField.swift in Sources */ = {isa = PBXBuildFile; fileRef = D73E88F72916DC3F00F29CE6 /* IconSecureField.swift */; };
		D73E88FA2916DC5F00F29CE6 /* PickerButton.swift in Sources */ = {isa = PBXBuildFile; fileRef = D73E88F92916DC5F00F29CE6 /* PickerButton.swift */; };
		D73E88FC2916DC7D00F29CE6 /* BottomPickerView.swift in Sources */ = {isa = PBXBuildFile; fileRef = D73E88FB2916DC7D00F29CE6 /* BottomPickerView.swift */; };
		D73E89022916DD1D00F29CE6 /* LoginView.swift in Sources */ = {isa = PBXBuildFile; fileRef = D73E89012916DD1D00F29CE6 /* LoginView.swift */; };
		D7650300291266E60054237A /* SurveyScreenView.swift in Sources */ = {isa = PBXBuildFile; fileRef = D76502FF291266E60054237A /* SurveyScreenView.swift */; };
		D76503022912C1950054237A /* VoteButton.swift in Sources */ = {isa = PBXBuildFile; fileRef = D76503012912C1950054237A /* VoteButton.swift */; };
		D7C3C266290FFD1C00D842F4 /* FastSurveyApp.swift in Sources */ = {isa = PBXBuildFile; fileRef = D7C3C265290FFD1C00D842F4 /* FastSurveyApp.swift */; };
		D7C3C26A290FFD1F00D842F4 /* Assets.xcassets in Resources */ = {isa = PBXBuildFile; fileRef = D7C3C269290FFD1F00D842F4 /* Assets.xcassets */; };
		D7C3C26D290FFD1F00D842F4 /* Preview Assets.xcassets in Resources */ = {isa = PBXBuildFile; fileRef = D7C3C26C290FFD1F00D842F4 /* Preview Assets.xcassets */; };
		D7C3C274291000A700D842F4 /* TabController.swift in Sources */ = {isa = PBXBuildFile; fileRef = D7C3C273291000A700D842F4 /* TabController.swift */; };
		D7C3C279291001F100D842F4 /* SurveyFeedScreenView.swift in Sources */ = {isa = PBXBuildFile; fileRef = D7C3C278291001F100D842F4 /* SurveyFeedScreenView.swift */; };
		D7C3C27B2910024000D842F4 /* UserSurveysScreenView.swift in Sources */ = {isa = PBXBuildFile; fileRef = D7C3C27A2910024000D842F4 /* UserSurveysScreenView.swift */; };
		D7C3C27E29100F9300D842F4 /* SwiftUINavigator in Frameworks */ = {isa = PBXBuildFile; productRef = D7C3C27D29100F9300D842F4 /* SwiftUINavigator */; };
		D7C3C28029104A4800D842F4 /* SurveyListView.swift in Sources */ = {isa = PBXBuildFile; fileRef = D7C3C27F29104A4800D842F4 /* SurveyListView.swift */; };
		D7C3C28229104A7E00D842F4 /* SurveyFeedViewModel.swift in Sources */ = {isa = PBXBuildFile; fileRef = D7C3C28129104A7E00D842F4 /* SurveyFeedViewModel.swift */; };
		D7C3C28629104E1400D842F4 /* Survey.swift in Sources */ = {isa = PBXBuildFile; fileRef = D7C3C28529104E1400D842F4 /* Survey.swift */; };
		D7C3C288291131E300D842F4 /* SurveyCellView.swift in Sources */ = {isa = PBXBuildFile; fileRef = D7C3C287291131E300D842F4 /* SurveyCellView.swift */; };
		D7F95EFB2912F81B00645875 /* VoteView.swift in Sources */ = {isa = PBXBuildFile; fileRef = D7F95EFA2912F81B00645875 /* VoteView.swift */; };
/* End PBXBuildFile section */

/* Begin PBXFileReference section */
		D73E88EB2916D8E900F29CE6 /* AuthScreenView.swift */ = {isa = PBXFileReference; lastKnownFileType = sourcecode.swift; path = AuthScreenView.swift; sourceTree = "<group>"; };
		D73E88EE2916D9EF00F29CE6 /* View+HalfSheet.swift */ = {isa = PBXFileReference; lastKnownFileType = sourcecode.swift; path = "View+HalfSheet.swift"; sourceTree = "<group>"; };
		D73E88F02916DAAA00F29CE6 /* SignupView.swift */ = {isa = PBXFileReference; lastKnownFileType = sourcecode.swift; path = SignupView.swift; sourceTree = "<group>"; };
		D73E88F22916DB8500F29CE6 /* Int+String.swift */ = {isa = PBXFileReference; lastKnownFileType = sourcecode.swift; path = "Int+String.swift"; sourceTree = "<group>"; };
		D73E88F52916DC1C00F29CE6 /* IconTextField.swift */ = {isa = PBXFileReference; lastKnownFileType = sourcecode.swift; path = IconTextField.swift; sourceTree = "<group>"; };
		D73E88F72916DC3F00F29CE6 /* IconSecureField.swift */ = {isa = PBXFileReference; lastKnownFileType = sourcecode.swift; path = IconSecureField.swift; sourceTree = "<group>"; };
		D73E88F92916DC5F00F29CE6 /* PickerButton.swift */ = {isa = PBXFileReference; lastKnownFileType = sourcecode.swift; path = PickerButton.swift; sourceTree = "<group>"; };
		D73E88FB2916DC7D00F29CE6 /* BottomPickerView.swift */ = {isa = PBXFileReference; lastKnownFileType = sourcecode.swift; path = BottomPickerView.swift; sourceTree = "<group>"; };
		D73E89012916DD1D00F29CE6 /* LoginView.swift */ = {isa = PBXFileReference; lastKnownFileType = sourcecode.swift; path = LoginView.swift; sourceTree = "<group>"; };
		D76502FF291266E60054237A /* SurveyScreenView.swift */ = {isa = PBXFileReference; lastKnownFileType = sourcecode.swift; path = SurveyScreenView.swift; sourceTree = "<group>"; };
		D76503012912C1950054237A /* VoteButton.swift */ = {isa = PBXFileReference; lastKnownFileType = sourcecode.swift; path = VoteButton.swift; sourceTree = "<group>"; };
		D7C3C262290FFD1C00D842F4 /* FastSurvey.app */ = {isa = PBXFileReference; explicitFileType = wrapper.application; includeInIndex = 0; path = FastSurvey.app; sourceTree = BUILT_PRODUCTS_DIR; };
		D7C3C265290FFD1C00D842F4 /* FastSurveyApp.swift */ = {isa = PBXFileReference; lastKnownFileType = sourcecode.swift; path = FastSurveyApp.swift; sourceTree = "<group>"; };
		D7C3C269290FFD1F00D842F4 /* Assets.xcassets */ = {isa = PBXFileReference; lastKnownFileType = folder.assetcatalog; path = Assets.xcassets; sourceTree = "<group>"; };
		D7C3C26C290FFD1F00D842F4 /* Preview Assets.xcassets */ = {isa = PBXFileReference; lastKnownFileType = folder.assetcatalog; path = "Preview Assets.xcassets"; sourceTree = "<group>"; };
		D7C3C273291000A700D842F4 /* TabController.swift */ = {isa = PBXFileReference; lastKnownFileType = sourcecode.swift; path = TabController.swift; sourceTree = "<group>"; };
		D7C3C278291001F100D842F4 /* SurveyFeedScreenView.swift */ = {isa = PBXFileReference; lastKnownFileType = sourcecode.swift; path = SurveyFeedScreenView.swift; sourceTree = "<group>"; };
		D7C3C27A2910024000D842F4 /* UserSurveysScreenView.swift */ = {isa = PBXFileReference; lastKnownFileType = sourcecode.swift; path = UserSurveysScreenView.swift; sourceTree = "<group>"; };
		D7C3C27F29104A4800D842F4 /* SurveyListView.swift */ = {isa = PBXFileReference; lastKnownFileType = sourcecode.swift; path = SurveyListView.swift; sourceTree = "<group>"; };
		D7C3C28129104A7E00D842F4 /* SurveyFeedViewModel.swift */ = {isa = PBXFileReference; lastKnownFileType = sourcecode.swift; path = SurveyFeedViewModel.swift; sourceTree = "<group>"; };
		D7C3C28529104E1400D842F4 /* Survey.swift */ = {isa = PBXFileReference; lastKnownFileType = sourcecode.swift; path = Survey.swift; sourceTree = "<group>"; };
		D7C3C287291131E300D842F4 /* SurveyCellView.swift */ = {isa = PBXFileReference; lastKnownFileType = sourcecode.swift; path = SurveyCellView.swift; sourceTree = "<group>"; };
		D7F95EFA2912F81B00645875 /* VoteView.swift */ = {isa = PBXFileReference; lastKnownFileType = sourcecode.swift; path = VoteView.swift; sourceTree = "<group>"; };
/* End PBXFileReference section */

/* Begin PBXFrameworksBuildPhase section */
		D7C3C25F290FFD1C00D842F4 /* Frameworks */ = {
			isa = PBXFrameworksBuildPhase;
			buildActionMask = 2147483647;
			files = (
				D7C3C27E29100F9300D842F4 /* SwiftUINavigator in Frameworks */,
			);
			runOnlyForDeploymentPostprocessing = 0;
		};
/* End PBXFrameworksBuildPhase section */

/* Begin PBXGroup section */
		D73E88ED2916D9CF00F29CE6 /* Extensions */ = {
			isa = PBXGroup;
			children = (
				D73E88EE2916D9EF00F29CE6 /* View+HalfSheet.swift */,
				D73E88F22916DB8500F29CE6 /* Int+String.swift */,
			);
			path = Extensions;
			sourceTree = "<group>";
		};
		D73E88F42916DBF700F29CE6 /* UI */ = {
			isa = PBXGroup;
			children = (
				D73E88F52916DC1C00F29CE6 /* IconTextField.swift */,
				D73E88F72916DC3F00F29CE6 /* IconSecureField.swift */,
				D73E88F92916DC5F00F29CE6 /* PickerButton.swift */,
				D73E88FB2916DC7D00F29CE6 /* BottomPickerView.swift */,
			);
			path = UI;
			sourceTree = "<group>";
		};
		D76502FE291266C90054237A /* Survey */ = {
			isa = PBXGroup;
			children = (
				D76502FF291266E60054237A /* SurveyScreenView.swift */,
				D76503012912C1950054237A /* VoteButton.swift */,
				D7F95EFA2912F81B00645875 /* VoteView.swift */,
			);
			path = Survey;
			sourceTree = "<group>";
		};
		D7C3C259290FFD1C00D842F4 = {
			isa = PBXGroup;
			children = (
				D7C3C264290FFD1C00D842F4 /* FastSurvey */,
				D7C3C263290FFD1C00D842F4 /* Products */,
			);
			sourceTree = "<group>";
		};
		D7C3C263290FFD1C00D842F4 /* Products */ = {
			isa = PBXGroup;
			children = (
				D7C3C262290FFD1C00D842F4 /* FastSurvey.app */,
			);
			name = Products;
			sourceTree = "<group>";
		};
		D7C3C264290FFD1C00D842F4 /* FastSurvey */ = {
			isa = PBXGroup;
			children = (
				D73E88F42916DBF700F29CE6 /* UI */,
				D73E88ED2916D9CF00F29CE6 /* Extensions */,
				D76502FE291266C90054237A /* Survey */,
				D7C3C28429104D8000D842F4 /* Models */,
				D7C3C277291001C600D842F4 /* UserSurveys */,
				D7C3C276291001A700D842F4 /* SurveyFeed */,
				D7C3C2752910017E00D842F4 /* Auth */,
				D7C3C273291000A700D842F4 /* TabController.swift */,
				D7C3C265290FFD1C00D842F4 /* FastSurveyApp.swift */,
				D7C3C269290FFD1F00D842F4 /* Assets.xcassets */,
				D7C3C26B290FFD1F00D842F4 /* Preview Content */,
			);
			path = FastSurvey;
			sourceTree = "<group>";
		};
		D7C3C26B290FFD1F00D842F4 /* Preview Content */ = {
			isa = PBXGroup;
			children = (
				D7C3C26C290FFD1F00D842F4 /* Preview Assets.xcassets */,
			);
			path = "Preview Content";
			sourceTree = "<group>";
		};
		D7C3C2752910017E00D842F4 /* Auth */ = {
			isa = PBXGroup;
			children = (
				D73E88EB2916D8E900F29CE6 /* AuthScreenView.swift */,
				D73E88F02916DAAA00F29CE6 /* SignupView.swift */,
				D73E89012916DD1D00F29CE6 /* LoginView.swift */,
			);
			path = Auth;
			sourceTree = "<group>";
		};
		D7C3C276291001A700D842F4 /* SurveyFeed */ = {
			isa = PBXGroup;
			children = (
				D7C3C28329104D1600D842F4 /* Views */,
			);
			path = SurveyFeed;
			sourceTree = "<group>";
		};
		D7C3C277291001C600D842F4 /* UserSurveys */ = {
			isa = PBXGroup;
			children = (
				D7C3C27A2910024000D842F4 /* UserSurveysScreenView.swift */,
			);
			path = UserSurveys;
			sourceTree = "<group>";
		};
		D7C3C28329104D1600D842F4 /* Views */ = {
			isa = PBXGroup;
			children = (
				D7C3C278291001F100D842F4 /* SurveyFeedScreenView.swift */,
				D7C3C27F29104A4800D842F4 /* SurveyListView.swift */,
				D7C3C287291131E300D842F4 /* SurveyCellView.swift */,
			);
			path = Views;
			sourceTree = "<group>";
		};
		D7C3C28429104D8000D842F4 /* Models */ = {
			isa = PBXGroup;
			children = (
				D7C3C28129104A7E00D842F4 /* SurveyFeedViewModel.swift */,
				D7C3C28529104E1400D842F4 /* Survey.swift */,
			);
			path = Models;
			sourceTree = "<group>";
		};
/* End PBXGroup section */

/* Begin PBXNativeTarget section */
		D7C3C261290FFD1C00D842F4 /* FastSurvey */ = {
			isa = PBXNativeTarget;
			buildConfigurationList = D7C3C270290FFD1F00D842F4 /* Build configuration list for PBXNativeTarget "FastSurvey" */;
			buildPhases = (
				D7C3C25E290FFD1C00D842F4 /* Sources */,
				D7C3C25F290FFD1C00D842F4 /* Frameworks */,
				D7C3C260290FFD1C00D842F4 /* Resources */,
			);
			buildRules = (
			);
			dependencies = (
			);
			name = FastSurvey;
			packageProductDependencies = (
				D7C3C27D29100F9300D842F4 /* SwiftUINavigator */,
			);
			productName = FastSurvey;
			productReference = D7C3C262290FFD1C00D842F4 /* FastSurvey.app */;
			productType = "com.apple.product-type.application";
		};
/* End PBXNativeTarget section */

/* Begin PBXProject section */
		D7C3C25A290FFD1C00D842F4 /* Project object */ = {
			isa = PBXProject;
			attributes = {
				BuildIndependentTargetsInParallel = 1;
				LastSwiftUpdateCheck = 1320;
				LastUpgradeCheck = 1320;
				TargetAttributes = {
					D7C3C261290FFD1C00D842F4 = {
						CreatedOnToolsVersion = 13.2;
					};
				};
			};
			buildConfigurationList = D7C3C25D290FFD1C00D842F4 /* Build configuration list for PBXProject "FastSurvey" */;
			compatibilityVersion = "Xcode 13.0";
			developmentRegion = en;
			hasScannedForEncodings = 0;
			knownRegions = (
				en,
				Base,
			);
			mainGroup = D7C3C259290FFD1C00D842F4;
			packageReferences = (
				D7C3C27C29100F9300D842F4 /* XCRemoteSwiftPackageReference "swiftuinavigator" */,
			);
			productRefGroup = D7C3C263290FFD1C00D842F4 /* Products */;
			projectDirPath = "";
			projectRoot = "";
			targets = (
				D7C3C261290FFD1C00D842F4 /* FastSurvey */,
			);
		};
/* End PBXProject section */

/* Begin PBXResourcesBuildPhase section */
		D7C3C260290FFD1C00D842F4 /* Resources */ = {
			isa = PBXResourcesBuildPhase;
			buildActionMask = 2147483647;
			files = (
				D7C3C26D290FFD1F00D842F4 /* Preview Assets.xcassets in Resources */,
				D7C3C26A290FFD1F00D842F4 /* Assets.xcassets in Resources */,
			);
			runOnlyForDeploymentPostprocessing = 0;
		};
/* End PBXResourcesBuildPhase section */

/* Begin PBXSourcesBuildPhase section */
		D7C3C25E290FFD1C00D842F4 /* Sources */ = {
			isa = PBXSourcesBuildPhase;
			buildActionMask = 2147483647;
			files = (
				D73E88F82916DC3F00F29CE6 /* IconSecureField.swift in Sources */,
				D73E88F62916DC1C00F29CE6 /* IconTextField.swift in Sources */,
				D73E88F32916DB8500F29CE6 /* Int+String.swift in Sources */,
				D73E88F12916DAAA00F29CE6 /* SignupView.swift in Sources */,
				D7C3C274291000A700D842F4 /* TabController.swift in Sources */,
				D7C3C288291131E300D842F4 /* SurveyCellView.swift in Sources */,
				D73E88FC2916DC7D00F29CE6 /* BottomPickerView.swift in Sources */,
				D7F95EFB2912F81B00645875 /* VoteView.swift in Sources */,
				D7C3C279291001F100D842F4 /* SurveyFeedScreenView.swift in Sources */,
				D73E88EC2916D8E900F29CE6 /* AuthScreenView.swift in Sources */,
				D76503022912C1950054237A /* VoteButton.swift in Sources */,
				D7650300291266E60054237A /* SurveyScreenView.swift in Sources */,
				D7C3C28629104E1400D842F4 /* Survey.swift in Sources */,
				D7C3C28229104A7E00D842F4 /* SurveyFeedViewModel.swift in Sources */,
				D7C3C27B2910024000D842F4 /* UserSurveysScreenView.swift in Sources */,
				D7C3C266290FFD1C00D842F4 /* FastSurveyApp.swift in Sources */,
				D73E88FA2916DC5F00F29CE6 /* PickerButton.swift in Sources */,
				D7C3C28029104A4800D842F4 /* SurveyListView.swift in Sources */,
				D73E89022916DD1D00F29CE6 /* LoginView.swift in Sources */,
				D73E88EF2916D9EF00F29CE6 /* View+HalfSheet.swift in Sources */,
			);
			runOnlyForDeploymentPostprocessing = 0;
		};
/* End PBXSourcesBuildPhase section */

/* Begin XCBuildConfiguration section */
		D7C3C26E290FFD1F00D842F4 /* Debug */ = {
			isa = XCBuildConfiguration;
			buildSettings = {
				ALWAYS_SEARCH_USER_PATHS = NO;
				CLANG_ANALYZER_NONNULL = YES;
				CLANG_ANALYZER_NUMBER_OBJECT_CONVERSION = YES_AGGRESSIVE;
				CLANG_CXX_LANGUAGE_STANDARD = "gnu++17";
				CLANG_CXX_LIBRARY = "libc++";
				CLANG_ENABLE_MODULES = YES;
				CLANG_ENABLE_OBJC_ARC = YES;
				CLANG_ENABLE_OBJC_WEAK = YES;
				CLANG_WARN_BLOCK_CAPTURE_AUTORELEASING = YES;
				CLANG_WARN_BOOL_CONVERSION = YES;
				CLANG_WARN_COMMA = YES;
				CLANG_WARN_CONSTANT_CONVERSION = YES;
				CLANG_WARN_DEPRECATED_OBJC_IMPLEMENTATIONS = YES;
				CLANG_WARN_DIRECT_OBJC_ISA_USAGE = YES_ERROR;
				CLANG_WARN_DOCUMENTATION_COMMENTS = YES;
				CLANG_WARN_EMPTY_BODY = YES;
				CLANG_WARN_ENUM_CONVERSION = YES;
				CLANG_WARN_INFINITE_RECURSION = YES;
				CLANG_WARN_INT_CONVERSION = YES;
				CLANG_WARN_NON_LITERAL_NULL_CONVERSION = YES;
				CLANG_WARN_OBJC_IMPLICIT_RETAIN_SELF = YES;
				CLANG_WARN_OBJC_LITERAL_CONVERSION = YES;
				CLANG_WARN_OBJC_ROOT_CLASS = YES_ERROR;
				CLANG_WARN_QUOTED_INCLUDE_IN_FRAMEWORK_HEADER = YES;
				CLANG_WARN_RANGE_LOOP_ANALYSIS = YES;
				CLANG_WARN_STRICT_PROTOTYPES = YES;
				CLANG_WARN_SUSPICIOUS_MOVE = YES;
				CLANG_WARN_UNGUARDED_AVAILABILITY = YES_AGGRESSIVE;
				CLANG_WARN_UNREACHABLE_CODE = YES;
				CLANG_WARN__DUPLICATE_METHOD_MATCH = YES;
				COPY_PHASE_STRIP = NO;
				DEBUG_INFORMATION_FORMAT = dwarf;
				ENABLE_STRICT_OBJC_MSGSEND = YES;
				ENABLE_TESTABILITY = YES;
				GCC_C_LANGUAGE_STANDARD = gnu11;
				GCC_DYNAMIC_NO_PIC = NO;
				GCC_NO_COMMON_BLOCKS = YES;
				GCC_OPTIMIZATION_LEVEL = 0;
				GCC_PREPROCESSOR_DEFINITIONS = (
					"DEBUG=1",
					"$(inherited)",
				);
				GCC_WARN_64_TO_32_BIT_CONVERSION = YES;
				GCC_WARN_ABOUT_RETURN_TYPE = YES_ERROR;
				GCC_WARN_UNDECLARED_SELECTOR = YES;
				GCC_WARN_UNINITIALIZED_AUTOS = YES_AGGRESSIVE;
				GCC_WARN_UNUSED_FUNCTION = YES;
				GCC_WARN_UNUSED_VARIABLE = YES;
				IPHONEOS_DEPLOYMENT_TARGET = 15.2;
				MTL_ENABLE_DEBUG_INFO = INCLUDE_SOURCE;
				MTL_FAST_MATH = YES;
				ONLY_ACTIVE_ARCH = YES;
				SDKROOT = iphoneos;
				SWIFT_ACTIVE_COMPILATION_CONDITIONS = DEBUG;
				SWIFT_OPTIMIZATION_LEVEL = "-Onone";
			};
			name = Debug;
		};
		D7C3C26F290FFD1F00D842F4 /* Release */ = {
			isa = XCBuildConfiguration;
			buildSettings = {
				ALWAYS_SEARCH_USER_PATHS = NO;
				CLANG_ANALYZER_NONNULL = YES;
				CLANG_ANALYZER_NUMBER_OBJECT_CONVERSION = YES_AGGRESSIVE;
				CLANG_CXX_LANGUAGE_STANDARD = "gnu++17";
				CLANG_CXX_LIBRARY = "libc++";
				CLANG_ENABLE_MODULES = YES;
				CLANG_ENABLE_OBJC_ARC = YES;
				CLANG_ENABLE_OBJC_WEAK = YES;
				CLANG_WARN_BLOCK_CAPTURE_AUTORELEASING = YES;
				CLANG_WARN_BOOL_CONVERSION = YES;
				CLANG_WARN_COMMA = YES;
				CLANG_WARN_CONSTANT_CONVERSION = YES;
				CLANG_WARN_DEPRECATED_OBJC_IMPLEMENTATIONS = YES;
				CLANG_WARN_DIRECT_OBJC_ISA_USAGE = YES_ERROR;
				CLANG_WARN_DOCUMENTATION_COMMENTS = YES;
				CLANG_WARN_EMPTY_BODY = YES;
				CLANG_WARN_ENUM_CONVERSION = YES;
				CLANG_WARN_INFINITE_RECURSION = YES;
				CLANG_WARN_INT_CONVERSION = YES;
				CLANG_WARN_NON_LITERAL_NULL_CONVERSION = YES;
				CLANG_WARN_OBJC_IMPLICIT_RETAIN_SELF = YES;
				CLANG_WARN_OBJC_LITERAL_CONVERSION = YES;
				CLANG_WARN_OBJC_ROOT_CLASS = YES_ERROR;
				CLANG_WARN_QUOTED_INCLUDE_IN_FRAMEWORK_HEADER = YES;
				CLANG_WARN_RANGE_LOOP_ANALYSIS = YES;
				CLANG_WARN_STRICT_PROTOTYPES = YES;
				CLANG_WARN_SUSPICIOUS_MOVE = YES;
				CLANG_WARN_UNGUARDED_AVAILABILITY = YES_AGGRESSIVE;
				CLANG_WARN_UNREACHABLE_CODE = YES;
				CLANG_WARN__DUPLICATE_METHOD_MATCH = YES;
				COPY_PHASE_STRIP = NO;
				DEBUG_INFORMATION_FORMAT = "dwarf-with-dsym";
				ENABLE_NS_ASSERTIONS = NO;
				ENABLE_STRICT_OBJC_MSGSEND = YES;
				GCC_C_LANGUAGE_STANDARD = gnu11;
				GCC_NO_COMMON_BLOCKS = YES;
				GCC_WARN_64_TO_32_BIT_CONVERSION = YES;
				GCC_WARN_ABOUT_RETURN_TYPE = YES_ERROR;
				GCC_WARN_UNDECLARED_SELECTOR = YES;
				GCC_WARN_UNINITIALIZED_AUTOS = YES_AGGRESSIVE;
				GCC_WARN_UNUSED_FUNCTION = YES;
				GCC_WARN_UNUSED_VARIABLE = YES;
				IPHONEOS_DEPLOYMENT_TARGET = 15.2;
				MTL_ENABLE_DEBUG_INFO = NO;
				MTL_FAST_MATH = YES;
				SDKROOT = iphoneos;
				SWIFT_COMPILATION_MODE = wholemodule;
				SWIFT_OPTIMIZATION_LEVEL = "-O";
				VALIDATE_PRODUCT = YES;
			};
			name = Release;
		};
		D7C3C271290FFD1F00D842F4 /* Debug */ = {
			isa = XCBuildConfiguration;
			buildSettings = {
				ASSETCATALOG_COMPILER_APPICON_NAME = AppIcon;
				ASSETCATALOG_COMPILER_GLOBAL_ACCENT_COLOR_NAME = AccentColor;
				CODE_SIGN_STYLE = Automatic;
				CURRENT_PROJECT_VERSION = 1;
				DEVELOPMENT_ASSET_PATHS = "\"FastSurvey/Preview Content\"";
				DEVELOPMENT_TEAM = P3JC9RT8Q8;
				ENABLE_PREVIEWS = YES;
				GENERATE_INFOPLIST_FILE = YES;
				INFOPLIST_KEY_UIApplicationSceneManifest_Generation = YES;
				INFOPLIST_KEY_UIApplicationSupportsIndirectInputEvents = YES;
				INFOPLIST_KEY_UILaunchScreen_Generation = YES;
				INFOPLIST_KEY_UISupportedInterfaceOrientations_iPad = "UIInterfaceOrientationPortrait UIInterfaceOrientationPortraitUpsideDown UIInterfaceOrientationLandscapeLeft UIInterfaceOrientationLandscapeRight";
				INFOPLIST_KEY_UISupportedInterfaceOrientations_iPhone = "UIInterfaceOrientationPortrait UIInterfaceOrientationLandscapeLeft UIInterfaceOrientationLandscapeRight";
				LD_RUNPATH_SEARCH_PATHS = (
					"$(inherited)",
					"@executable_path/Frameworks",
				);
				MARKETING_VERSION = 1.0;
				PRODUCT_BUNDLE_IDENTIFIER = com.bakulin.FastSurvey;
				PRODUCT_NAME = "$(TARGET_NAME)";
				SWIFT_EMIT_LOC_STRINGS = YES;
				SWIFT_VERSION = 5.0;
				TARGETED_DEVICE_FAMILY = "1,2";
			};
			name = Debug;
		};
		D7C3C272290FFD1F00D842F4 /* Release */ = {
			isa = XCBuildConfiguration;
			buildSettings = {
				ASSETCATALOG_COMPILER_APPICON_NAME = AppIcon;
				ASSETCATALOG_COMPILER_GLOBAL_ACCENT_COLOR_NAME = AccentColor;
				CODE_SIGN_STYLE = Automatic;
				CURRENT_PROJECT_VERSION = 1;
				DEVELOPMENT_ASSET_PATHS = "\"FastSurvey/Preview Content\"";
				DEVELOPMENT_TEAM = P3JC9RT8Q8;
				ENABLE_PREVIEWS = YES;
				GENERATE_INFOPLIST_FILE = YES;
				INFOPLIST_KEY_UIApplicationSceneManifest_Generation = YES;
				INFOPLIST_KEY_UIApplicationSupportsIndirectInputEvents = YES;
				INFOPLIST_KEY_UILaunchScreen_Generation = YES;
				INFOPLIST_KEY_UISupportedInterfaceOrientations_iPad = "UIInterfaceOrientationPortrait UIInterfaceOrientationPortraitUpsideDown UIInterfaceOrientationLandscapeLeft UIInterfaceOrientationLandscapeRight";
				INFOPLIST_KEY_UISupportedInterfaceOrientations_iPhone = "UIInterfaceOrientationPortrait UIInterfaceOrientationLandscapeLeft UIInterfaceOrientationLandscapeRight";
				LD_RUNPATH_SEARCH_PATHS = (
					"$(inherited)",
					"@executable_path/Frameworks",
				);
				MARKETING_VERSION = 1.0;
				PRODUCT_BUNDLE_IDENTIFIER = com.bakulin.FastSurvey;
				PRODUCT_NAME = "$(TARGET_NAME)";
				SWIFT_EMIT_LOC_STRINGS = YES;
				SWIFT_VERSION = 5.0;
				TARGETED_DEVICE_FAMILY = "1,2";
			};
			name = Release;
		};
/* End XCBuildConfiguration section */

/* Begin XCConfigurationList section */
		D7C3C25D290FFD1C00D842F4 /* Build configuration list for PBXProject "FastSurvey" */ = {
			isa = XCConfigurationList;
			buildConfigurations = (
				D7C3C26E290FFD1F00D842F4 /* Debug */,
				D7C3C26F290FFD1F00D842F4 /* Release */,
			);
			defaultConfigurationIsVisible = 0;
			defaultConfigurationName = Release;
		};
		D7C3C270290FFD1F00D842F4 /* Build configuration list for PBXNativeTarget "FastSurvey" */ = {
			isa = XCConfigurationList;
			buildConfigurations = (
				D7C3C271290FFD1F00D842F4 /* Debug */,
				D7C3C272290FFD1F00D842F4 /* Release */,
			);
			defaultConfigurationIsVisible = 0;
			defaultConfigurationName = Release;
		};
/* End XCConfigurationList section */

/* Begin XCRemoteSwiftPackageReference section */
		D7C3C27C29100F9300D842F4 /* XCRemoteSwiftPackageReference "swiftuinavigator" */ = {
			isa = XCRemoteSwiftPackageReference;
			repositoryURL = "https://github.com/anioutkazharkova/swiftuinavigator";
			requirement = {
				kind = upToNextMajorVersion;
				minimumVersion = 1.0.0;
			};
		};
/* End XCRemoteSwiftPackageReference section */

/* Begin XCSwiftPackageProductDependency section */
		D7C3C27D29100F9300D842F4 /* SwiftUINavigator */ = {
			isa = XCSwiftPackageProductDependency;
			package = D7C3C27C29100F9300D842F4 /* XCRemoteSwiftPackageReference "swiftuinavigator" */;
			productName = SwiftUINavigator;
		};
/* End XCSwiftPackageProductDependency section */
	};
	rootObject = D7C3C25A290FFD1C00D842F4 /* Project object */;
}
